// !$*UTF8*$!
{
	archiveVersion = 1;
	classes = {
	};
	objectVersion = 55;
	objects = {

/* Begin PBXBuildFile section */
		45AF7D6DD44230F5B2689948 /* Pods_AlliedTask_AlliedTaskUITests.framework in Frameworks */ = {isa = PBXBuildFile; fileRef = 9906E4C8C066380AE558D2E7 /* Pods_AlliedTask_AlliedTaskUITests.framework */; };
		AFA59D7557D72C4E5FC83272 /* Pods_AlliedTaskTests.framework in Frameworks */ = {isa = PBXBuildFile; fileRef = 7281BD86718B023C6A3B6DF6 /* Pods_AlliedTaskTests.framework */; };
		CE647FCD273ED2B000D6830F /* StarWarsRepository.swift in Sources */ = {isa = PBXBuildFile; fileRef = CE647FCC273ED2B000D6830F /* StarWarsRepository.swift */; };
		CE647FCF273ED2B900D6830F /* StarWarModel.swift in Sources */ = {isa = PBXBuildFile; fileRef = CE647FCE273ED2B900D6830F /* StarWarModel.swift */; };
		CE647FD1273ED59600D6830F /* StarWarsViewModel.swift in Sources */ = {isa = PBXBuildFile; fileRef = CE647FD0273ED59600D6830F /* StarWarsViewModel.swift */; };
		CE648010273F1FAE00D6830F /* StarWarRow.swift in Sources */ = {isa = PBXBuildFile; fileRef = CE64800F273F1FAE00D6830F /* StarWarRow.swift */; };
		CE648015273F574A00D6830F /* StarWarDetails.swift in Sources */ = {isa = PBXBuildFile; fileRef = CE648014273F574A00D6830F /* StarWarDetails.swift */; };
		CE648017273FF14300D6830F /* ImageLoader.swift in Sources */ = {isa = PBXBuildFile; fileRef = CE648016273FF14300D6830F /* ImageLoader.swift */; };
		CE648019273FFFC400D6830F /* LoadingView.swift in Sources */ = {isa = PBXBuildFile; fileRef = CE648018273FFFC300D6830F /* LoadingView.swift */; };
		CE64801B273FFFD300D6830F /* ActivityIndicatorView.swift in Sources */ = {isa = PBXBuildFile; fileRef = CE64801A273FFFD300D6830F /* ActivityIndicatorView.swift */; };
		CE64802027402BD600D6830F /* SearchBar.swift in Sources */ = {isa = PBXBuildFile; fileRef = CE64801F27402BD600D6830F /* SearchBar.swift */; };
		CEB86FA2273DCB1300CED610 /* AlliedTaskApp.swift in Sources */ = {isa = PBXBuildFile; fileRef = CEB86FA1273DCB1300CED610 /* AlliedTaskApp.swift */; };
		CEB86FA4273DCB1300CED610 /* StarWarsViewList.swift in Sources */ = {isa = PBXBuildFile; fileRef = CEB86FA3273DCB1300CED610 /* StarWarsViewList.swift */; };
		CEB86FA6273DCB1500CED610 /* Assets.xcassets in Resources */ = {isa = PBXBuildFile; fileRef = CEB86FA5273DCB1500CED610 /* Assets.xcassets */; };
		CEB86FA9273DCB1500CED610 /* Preview Assets.xcassets in Resources */ = {isa = PBXBuildFile; fileRef = CEB86FA8273DCB1500CED610 /* Preview Assets.xcassets */; };
		CEB86FB3273DCB1600CED610 /* AlliedTaskTests.swift in Sources */ = {isa = PBXBuildFile; fileRef = CEB86FB2273DCB1600CED610 /* AlliedTaskTests.swift */; };
		CEB86FBD273DCB1600CED610 /* AlliedTaskUITests.swift in Sources */ = {isa = PBXBuildFile; fileRef = CEB86FBC273DCB1600CED610 /* AlliedTaskUITests.swift */; };
		CEB86FBF273DCB1600CED610 /* AlliedTaskUITestsLaunchTests.swift in Sources */ = {isa = PBXBuildFile; fileRef = CEB86FBE273DCB1600CED610 /* AlliedTaskUITestsLaunchTests.swift */; };
		CEB86FCC273DCC6100CED610 /* .swiftlint.yml in Resources */ = {isa = PBXBuildFile; fileRef = CEB86FCB273DCC6100CED610 /* .swiftlint.yml */; };
		CEB86FCF273DCC8800CED610 /* Casher.swift in Sources */ = {isa = PBXBuildFile; fileRef = CEB86FCE273DCC8700CED610 /* Casher.swift */; };
		CEB86FD7273DCCC100CED610 /* APIRouter.swift in Sources */ = {isa = PBXBuildFile; fileRef = CEB86FD1273DCCC000CED610 /* APIRouter.swift */; };
		CEB86FD8273DCCC100CED610 /* NetworkClient.swift in Sources */ = {isa = PBXBuildFile; fileRef = CEB86FD2273DCCC000CED610 /* NetworkClient.swift */; };
		CEB86FD9273DCCC100CED610 /* EndPoint.swift in Sources */ = {isa = PBXBuildFile; fileRef = CEB86FD3273DCCC000CED610 /* EndPoint.swift */; };
		CEB86FDA273DCCC100CED610 /* LocalClient.swift in Sources */ = {isa = PBXBuildFile; fileRef = CEB86FD4273DCCC000CED610 /* LocalClient.swift */; };
		CEB86FDB273DCCC100CED610 /* RequestResult.swift in Sources */ = {isa = PBXBuildFile; fileRef = CEB86FD5273DCCC000CED610 /* RequestResult.swift */; };
		CEB86FDC273DCCC100CED610 /* NETWORK+ENDPOINTS.swift in Sources */ = {isa = PBXBuildFile; fileRef = CEB86FD6273DCCC100CED610 /* NETWORK+ENDPOINTS.swift */; };
		CEB86FE1273DCD2C00CED610 /* Environment.swift in Sources */ = {isa = PBXBuildFile; fileRef = CEB86FDE273DCD2C00CED610 /* Environment.swift */; };
		CEB86FE2273DCD2C00CED610 /* Repository.swift in Sources */ = {isa = PBXBuildFile; fileRef = CEB86FDF273DCD2C00CED610 /* Repository.swift */; };
		CEB86FE3273DCD2C00CED610 /* MagixResponse.swift in Sources */ = {isa = PBXBuildFile; fileRef = CEB86FE0273DCD2C00CED610 /* MagixResponse.swift */; };
		CEB86FE7273DD07900CED610 /* Development.xcconfig in Resources */ = {isa = PBXBuildFile; fileRef = CEB86FE6273DD07900CED610 /* Development.xcconfig */; };
		CEC4489E2740544300EED1A8 /* AlliedImage.swift in Sources */ = {isa = PBXBuildFile; fileRef = CEC4489D2740544200EED1A8 /* AlliedImage.swift */; };
		CEC448A0274065A100EED1A8 /* R.generated.swift in Sources */ = {isa = PBXBuildFile; fileRef = CEC4489F274065A100EED1A8 /* R.generated.swift */; };
		D0A69D894A863DE3F39DEA81 /* Pods_AlliedTask.framework in Frameworks */ = {isa = PBXBuildFile; fileRef = AE839557630699D8504F92A4 /* Pods_AlliedTask.framework */; };
/* End PBXBuildFile section */

/* Begin PBXContainerItemProxy section */
		CEB86FAF273DCB1600CED610 /* PBXContainerItemProxy */ = {
			isa = PBXContainerItemProxy;
			containerPortal = CEB86F96273DCB1300CED610 /* Project object */;
			proxyType = 1;
			remoteGlobalIDString = CEB86F9D273DCB1300CED610;
			remoteInfo = AlliedTask;
		};
		CEB86FB9273DCB1600CED610 /* PBXContainerItemProxy */ = {
			isa = PBXContainerItemProxy;
			containerPortal = CEB86F96273DCB1300CED610 /* Project object */;
			proxyType = 1;
			remoteGlobalIDString = CEB86F9D273DCB1300CED610;
			remoteInfo = AlliedTask;
		};
/* End PBXContainerItemProxy section */

/* Begin PBXFileReference section */
		0C312700DB532AC87F9CB73A /* Pods-AlliedTaskTests.debug.xcconfig */ = {isa = PBXFileReference; includeInIndex = 1; lastKnownFileType = text.xcconfig; name = "Pods-AlliedTaskTests.debug.xcconfig"; path = "Target Support Files/Pods-AlliedTaskTests/Pods-AlliedTaskTests.debug.xcconfig"; sourceTree = "<group>"; };
		723562871C6EDF14B513F78D /* Pods-AlliedTask.development.xcconfig */ = {isa = PBXFileReference; includeInIndex = 1; lastKnownFileType = text.xcconfig; name = "Pods-AlliedTask.development.xcconfig"; path = "Target Support Files/Pods-AlliedTask/Pods-AlliedTask.development.xcconfig"; sourceTree = "<group>"; };
		7281BD86718B023C6A3B6DF6 /* Pods_AlliedTaskTests.framework */ = {isa = PBXFileReference; explicitFileType = wrapper.framework; includeInIndex = 0; path = Pods_AlliedTaskTests.framework; sourceTree = BUILT_PRODUCTS_DIR; };
		77CC7CF7AE31DB335A0CAA2C /* Pods-AlliedTaskTests.release.xcconfig */ = {isa = PBXFileReference; includeInIndex = 1; lastKnownFileType = text.xcconfig; name = "Pods-AlliedTaskTests.release.xcconfig"; path = "Target Support Files/Pods-AlliedTaskTests/Pods-AlliedTaskTests.release.xcconfig"; sourceTree = "<group>"; };
		847305898D234D6CB2B91BC4 /* Pods-AlliedTaskTests.development.xcconfig */ = {isa = PBXFileReference; includeInIndex = 1; lastKnownFileType = text.xcconfig; name = "Pods-AlliedTaskTests.development.xcconfig"; path = "Target Support Files/Pods-AlliedTaskTests/Pods-AlliedTaskTests.development.xcconfig"; sourceTree = "<group>"; };
		8C6A723E55E05FEA13C97F95 /* Pods-AlliedTask.release.xcconfig */ = {isa = PBXFileReference; includeInIndex = 1; lastKnownFileType = text.xcconfig; name = "Pods-AlliedTask.release.xcconfig"; path = "Target Support Files/Pods-AlliedTask/Pods-AlliedTask.release.xcconfig"; sourceTree = "<group>"; };
		97B13BD58B5B0472F75D7EBA /* Pods-AlliedTask-AlliedTaskUITests.debug.xcconfig */ = {isa = PBXFileReference; includeInIndex = 1; lastKnownFileType = text.xcconfig; name = "Pods-AlliedTask-AlliedTaskUITests.debug.xcconfig"; path = "Target Support Files/Pods-AlliedTask-AlliedTaskUITests/Pods-AlliedTask-AlliedTaskUITests.debug.xcconfig"; sourceTree = "<group>"; };
		9906E4C8C066380AE558D2E7 /* Pods_AlliedTask_AlliedTaskUITests.framework */ = {isa = PBXFileReference; explicitFileType = wrapper.framework; includeInIndex = 0; path = Pods_AlliedTask_AlliedTaskUITests.framework; sourceTree = BUILT_PRODUCTS_DIR; };
		A729B3FDA49EA4A92AC7266D /* Pods-AlliedTask.debug.xcconfig */ = {isa = PBXFileReference; includeInIndex = 1; lastKnownFileType = text.xcconfig; name = "Pods-AlliedTask.debug.xcconfig"; path = "Target Support Files/Pods-AlliedTask/Pods-AlliedTask.debug.xcconfig"; sourceTree = "<group>"; };
		AE839557630699D8504F92A4 /* Pods_AlliedTask.framework */ = {isa = PBXFileReference; explicitFileType = wrapper.framework; includeInIndex = 0; path = Pods_AlliedTask.framework; sourceTree = BUILT_PRODUCTS_DIR; };
		CE647FCC273ED2B000D6830F /* StarWarsRepository.swift */ = {isa = PBXFileReference; fileEncoding = 4; lastKnownFileType = sourcecode.swift; path = StarWarsRepository.swift; sourceTree = "<group>"; };
		CE647FCE273ED2B900D6830F /* StarWarModel.swift */ = {isa = PBXFileReference; fileEncoding = 4; lastKnownFileType = sourcecode.swift; path = StarWarModel.swift; sourceTree = "<group>"; };
		CE647FD0273ED59600D6830F /* StarWarsViewModel.swift */ = {isa = PBXFileReference; fileEncoding = 4; lastKnownFileType = sourcecode.swift; path = StarWarsViewModel.swift; sourceTree = "<group>"; };
		CE648009273EDDBD00D6830F /* Info.plist */ = {isa = PBXFileReference; lastKnownFileType = text.plist; path = Info.plist; sourceTree = "<group>"; };
		CE64800F273F1FAE00D6830F /* StarWarRow.swift */ = {isa = PBXFileReference; lastKnownFileType = sourcecode.swift; path = StarWarRow.swift; sourceTree = "<group>"; };
		CE648014273F574A00D6830F /* StarWarDetails.swift */ = {isa = PBXFileReference; lastKnownFileType = sourcecode.swift; path = StarWarDetails.swift; sourceTree = "<group>"; };
		CE648016273FF14300D6830F /* ImageLoader.swift */ = {isa = PBXFileReference; fileEncoding = 4; lastKnownFileType = sourcecode.swift; path = ImageLoader.swift; sourceTree = "<group>"; };
		CE648018273FFFC300D6830F /* LoadingView.swift */ = {isa = PBXFileReference; fileEncoding = 4; lastKnownFileType = sourcecode.swift; path = LoadingView.swift; sourceTree = "<group>"; };
		CE64801A273FFFD300D6830F /* ActivityIndicatorView.swift */ = {isa = PBXFileReference; fileEncoding = 4; lastKnownFileType = sourcecode.swift; path = ActivityIndicatorView.swift; sourceTree = "<group>"; };
		CE64801F27402BD600D6830F /* SearchBar.swift */ = {isa = PBXFileReference; fileEncoding = 4; lastKnownFileType = sourcecode.swift; path = SearchBar.swift; sourceTree = "<group>"; };
		CEB86F9E273DCB1300CED610 /* AlliedTask.app */ = {isa = PBXFileReference; explicitFileType = wrapper.application; includeInIndex = 0; path = AlliedTask.app; sourceTree = BUILT_PRODUCTS_DIR; };
		CEB86FA1273DCB1300CED610 /* AlliedTaskApp.swift */ = {isa = PBXFileReference; lastKnownFileType = sourcecode.swift; path = AlliedTaskApp.swift; sourceTree = "<group>"; };
		CEB86FA3273DCB1300CED610 /* StarWarsViewList.swift */ = {isa = PBXFileReference; lastKnownFileType = sourcecode.swift; path = StarWarsViewList.swift; sourceTree = "<group>"; };
		CEB86FA5273DCB1500CED610 /* Assets.xcassets */ = {isa = PBXFileReference; lastKnownFileType = folder.assetcatalog; path = Assets.xcassets; sourceTree = "<group>"; };
		CEB86FA8273DCB1500CED610 /* Preview Assets.xcassets */ = {isa = PBXFileReference; lastKnownFileType = folder.assetcatalog; path = "Preview Assets.xcassets"; sourceTree = "<group>"; };
		CEB86FAE273DCB1600CED610 /* AlliedTaskTests.xctest */ = {isa = PBXFileReference; explicitFileType = wrapper.cfbundle; includeInIndex = 0; path = AlliedTaskTests.xctest; sourceTree = BUILT_PRODUCTS_DIR; };
		CEB86FB2273DCB1600CED610 /* AlliedTaskTests.swift */ = {isa = PBXFileReference; lastKnownFileType = sourcecode.swift; path = AlliedTaskTests.swift; sourceTree = "<group>"; };
		CEB86FB8273DCB1600CED610 /* AlliedTaskUITests.xctest */ = {isa = PBXFileReference; explicitFileType = wrapper.cfbundle; includeInIndex = 0; path = AlliedTaskUITests.xctest; sourceTree = BUILT_PRODUCTS_DIR; };
		CEB86FBC273DCB1600CED610 /* AlliedTaskUITests.swift */ = {isa = PBXFileReference; lastKnownFileType = sourcecode.swift; path = AlliedTaskUITests.swift; sourceTree = "<group>"; };
		CEB86FBE273DCB1600CED610 /* AlliedTaskUITestsLaunchTests.swift */ = {isa = PBXFileReference; lastKnownFileType = sourcecode.swift; path = AlliedTaskUITestsLaunchTests.swift; sourceTree = "<group>"; };
		CEB86FCB273DCC6100CED610 /* .swiftlint.yml */ = {isa = PBXFileReference; fileEncoding = 4; lastKnownFileType = text.yaml; path = .swiftlint.yml; sourceTree = "<group>"; };
		CEB86FCE273DCC8700CED610 /* Casher.swift */ = {isa = PBXFileReference; fileEncoding = 4; lastKnownFileType = sourcecode.swift; path = Casher.swift; sourceTree = "<group>"; };
		CEB86FD1273DCCC000CED610 /* APIRouter.swift */ = {isa = PBXFileReference; fileEncoding = 4; lastKnownFileType = sourcecode.swift; path = APIRouter.swift; sourceTree = "<group>"; };
		CEB86FD2273DCCC000CED610 /* NetworkClient.swift */ = {isa = PBXFileReference; fileEncoding = 4; lastKnownFileType = sourcecode.swift; path = NetworkClient.swift; sourceTree = "<group>"; };
		CEB86FD3273DCCC000CED610 /* EndPoint.swift */ = {isa = PBXFileReference; fileEncoding = 4; lastKnownFileType = sourcecode.swift; path = EndPoint.swift; sourceTree = "<group>"; };
		CEB86FD4273DCCC000CED610 /* LocalClient.swift */ = {isa = PBXFileReference; fileEncoding = 4; lastKnownFileType = sourcecode.swift; path = LocalClient.swift; sourceTree = "<group>"; };
		CEB86FD5273DCCC000CED610 /* RequestResult.swift */ = {isa = PBXFileReference; fileEncoding = 4; lastKnownFileType = sourcecode.swift; path = RequestResult.swift; sourceTree = "<group>"; };
		CEB86FD6273DCCC100CED610 /* NETWORK+ENDPOINTS.swift */ = {isa = PBXFileReference; fileEncoding = 4; lastKnownFileType = sourcecode.swift; path = "NETWORK+ENDPOINTS.swift"; sourceTree = "<group>"; };
		CEB86FDE273DCD2C00CED610 /* Environment.swift */ = {isa = PBXFileReference; fileEncoding = 4; lastKnownFileType = sourcecode.swift; path = Environment.swift; sourceTree = "<group>"; };
		CEB86FDF273DCD2C00CED610 /* Repository.swift */ = {isa = PBXFileReference; fileEncoding = 4; lastKnownFileType = sourcecode.swift; path = Repository.swift; sourceTree = "<group>"; };
		CEB86FE0273DCD2C00CED610 /* MagixResponse.swift */ = {isa = PBXFileReference; fileEncoding = 4; lastKnownFileType = sourcecode.swift; path = MagixResponse.swift; sourceTree = "<group>"; };
		CEB86FE6273DD07900CED610 /* Development.xcconfig */ = {isa = PBXFileReference; fileEncoding = 4; lastKnownFileType = text.xcconfig; path = Development.xcconfig; sourceTree = "<group>"; };
		CEC4489D2740544200EED1A8 /* AlliedImage.swift */ = {isa = PBXFileReference; lastKnownFileType = sourcecode.swift; path = AlliedImage.swift; sourceTree = "<group>"; };
		CEC4489F274065A100EED1A8 /* R.generated.swift */ = {isa = PBXFileReference; fileEncoding = 4; lastKnownFileType = sourcecode.swift; path = R.generated.swift; sourceTree = "<group>"; };
		D021F31E76261788C5E854E7 /* Pods-AlliedTask-AlliedTaskUITests.development.xcconfig */ = {isa = PBXFileReference; includeInIndex = 1; lastKnownFileType = text.xcconfig; name = "Pods-AlliedTask-AlliedTaskUITests.development.xcconfig"; path = "Target Support Files/Pods-AlliedTask-AlliedTaskUITests/Pods-AlliedTask-AlliedTaskUITests.development.xcconfig"; sourceTree = "<group>"; };
		F6F50CEB8197BD1BD34845BB /* Pods-AlliedTask-AlliedTaskUITests.release.xcconfig */ = {isa = PBXFileReference; includeInIndex = 1; lastKnownFileType = text.xcconfig; name = "Pods-AlliedTask-AlliedTaskUITests.release.xcconfig"; path = "Target Support Files/Pods-AlliedTask-AlliedTaskUITests/Pods-AlliedTask-AlliedTaskUITests.release.xcconfig"; sourceTree = "<group>"; };
/* End PBXFileReference section */

/* Begin PBXFrameworksBuildPhase section */
		CEB86F9B273DCB1300CED610 /* Frameworks */ = {
			isa = PBXFrameworksBuildPhase;
			buildActionMask = 2147483647;
			files = (
				D0A69D894A863DE3F39DEA81 /* Pods_AlliedTask.framework in Frameworks */,
			);
			runOnlyForDeploymentPostprocessing = 0;
		};
		CEB86FAB273DCB1600CED610 /* Frameworks */ = {
			isa = PBXFrameworksBuildPhase;
			buildActionMask = 2147483647;
			files = (
				AFA59D7557D72C4E5FC83272 /* Pods_AlliedTaskTests.framework in Frameworks */,
			);
			runOnlyForDeploymentPostprocessing = 0;
		};
		CEB86FB5273DCB1600CED610 /* Frameworks */ = {
			isa = PBXFrameworksBuildPhase;
			buildActionMask = 2147483647;
			files = (
				45AF7D6DD44230F5B2689948 /* Pods_AlliedTask_AlliedTaskUITests.framework in Frameworks */,
			);
			runOnlyForDeploymentPostprocessing = 0;
		};
/* End PBXFrameworksBuildPhase section */

/* Begin PBXGroup section */
		8AB6FCB9798F699263F65368 /* Frameworks */ = {
			isa = PBXGroup;
			children = (
				AE839557630699D8504F92A4 /* Pods_AlliedTask.framework */,
				9906E4C8C066380AE558D2E7 /* Pods_AlliedTask_AlliedTaskUITests.framework */,
				7281BD86718B023C6A3B6DF6 /* Pods_AlliedTaskTests.framework */,
			);
			name = Frameworks;
			sourceTree = "<group>";
		};
		C4032D6176041B3D1CAFEB9D /* Pods */ = {
			isa = PBXGroup;
			children = (
				A729B3FDA49EA4A92AC7266D /* Pods-AlliedTask.debug.xcconfig */,
				8C6A723E55E05FEA13C97F95 /* Pods-AlliedTask.release.xcconfig */,
				97B13BD58B5B0472F75D7EBA /* Pods-AlliedTask-AlliedTaskUITests.debug.xcconfig */,
				F6F50CEB8197BD1BD34845BB /* Pods-AlliedTask-AlliedTaskUITests.release.xcconfig */,
				0C312700DB532AC87F9CB73A /* Pods-AlliedTaskTests.debug.xcconfig */,
				77CC7CF7AE31DB335A0CAA2C /* Pods-AlliedTaskTests.release.xcconfig */,
				723562871C6EDF14B513F78D /* Pods-AlliedTask.development.xcconfig */,
				D021F31E76261788C5E854E7 /* Pods-AlliedTask-AlliedTaskUITests.development.xcconfig */,
				847305898D234D6CB2B91BC4 /* Pods-AlliedTaskTests.development.xcconfig */,
			);
			path = Pods;
			sourceTree = "<group>";
		};
		CE647FCB273ED29000D6830F /* StarWarsRepository */ = {
			isa = PBXGroup;
			children = (
				CE647FCC273ED2B000D6830F /* StarWarsRepository.swift */,
				CE647FCE273ED2B900D6830F /* StarWarModel.swift */,
			);
			path = StarWarsRepository;
			sourceTree = "<group>";
		};
		CE647FD2273ED74500D6830F /* ViewModel */ = {
			isa = PBXGroup;
			children = (
				CE647FD0273ED59600D6830F /* StarWarsViewModel.swift */,
			);
			path = ViewModel;
			sourceTree = "<group>";
		};
		CE64800E273F1F9C00D6830F /* Views */ = {
			isa = PBXGroup;
			children = (
				CE64800F273F1FAE00D6830F /* StarWarRow.swift */,
				CEB86FA3273DCB1300CED610 /* StarWarsViewList.swift */,
				CE648014273F574A00D6830F /* StarWarDetails.swift */,
			);
			path = Views;
			sourceTree = "<group>";
		};
		CE64801D2740258600D6830F /* Helpers */ = {
			isa = PBXGroup;
			children = (
				CE64801F27402BD600D6830F /* SearchBar.swift */,
				CE64801A273FFFD300D6830F /* ActivityIndicatorView.swift */,
				CE648018273FFFC300D6830F /* LoadingView.swift */,
				CE648016273FF14300D6830F /* ImageLoader.swift */,
				CEC4489D2740544200EED1A8 /* AlliedImage.swift */,
			);
			path = Helpers;
			sourceTree = "<group>";
		};
		CEB86F95273DCB1300CED610 = {
			isa = PBXGroup;
			children = (
				CEB86FCB273DCC6100CED610 /* .swiftlint.yml */,
				CEC4489F274065A100EED1A8 /* R.generated.swift */,
				CEB86FA0273DCB1300CED610 /* AlliedTask */,
				CEB86FB1273DCB1600CED610 /* AlliedTaskTests */,
				CEB86FBB273DCB1600CED610 /* AlliedTaskUITests */,
				CEB86F9F273DCB1300CED610 /* Products */,
				C4032D6176041B3D1CAFEB9D /* Pods */,
				8AB6FCB9798F699263F65368 /* Frameworks */,
			);
			sourceTree = "<group>";
		};
		CEB86F9F273DCB1300CED610 /* Products */ = {
			isa = PBXGroup;
			children = (
				CEB86F9E273DCB1300CED610 /* AlliedTask.app */,
				CEB86FAE273DCB1600CED610 /* AlliedTaskTests.xctest */,
				CEB86FB8273DCB1600CED610 /* AlliedTaskUITests.xctest */,
			);
			name = Products;
			sourceTree = "<group>";
		};
		CEB86FA0273DCB1300CED610 /* AlliedTask */ = {
			isa = PBXGroup;
			children = (
				CE648009273EDDBD00D6830F /* Info.plist */,
				CEB86FDD273DCD1E00CED610 /* Repository */,
				CEB86FD0273DCCB200CED610 /* Network */,
				CEB86FCD273DCC7900CED610 /* Cacher */,
				CEB86FE4273DD05C00CED610 /* Features */,
				CE64801D2740258600D6830F /* Helpers */,
				CEB86FE5273DD06E00CED610 /* Config */,
				CEB86FA1273DCB1300CED610 /* AlliedTaskApp.swift */,
				CEB86FA5273DCB1500CED610 /* Assets.xcassets */,
				CEB86FA7273DCB1500CED610 /* Preview Content */,
			);
			path = AlliedTask;
			sourceTree = "<group>";
		};
		CEB86FA7273DCB1500CED610 /* Preview Content */ = {
			isa = PBXGroup;
			children = (
				CEB86FA8273DCB1500CED610 /* Preview Assets.xcassets */,
			);
			path = "Preview Content";
			sourceTree = "<group>";
		};
		CEB86FB1273DCB1600CED610 /* AlliedTaskTests */ = {
			isa = PBXGroup;
			children = (
				CEB86FB2273DCB1600CED610 /* AlliedTaskTests.swift */,
			);
			path = AlliedTaskTests;
			sourceTree = "<group>";
		};
		CEB86FBB273DCB1600CED610 /* AlliedTaskUITests */ = {
			isa = PBXGroup;
			children = (
				CEB86FBC273DCB1600CED610 /* AlliedTaskUITests.swift */,
				CEB86FBE273DCB1600CED610 /* AlliedTaskUITestsLaunchTests.swift */,
			);
			path = AlliedTaskUITests;
			sourceTree = "<group>";
		};
		CEB86FCD273DCC7900CED610 /* Cacher */ = {
			isa = PBXGroup;
			children = (
				CEB86FCE273DCC8700CED610 /* Casher.swift */,
			);
			path = Cacher;
			sourceTree = "<group>";
		};
		CEB86FD0273DCCB200CED610 /* Network */ = {
			isa = PBXGroup;
			children = (
				CEB86FD1273DCCC000CED610 /* APIRouter.swift */,
				CEB86FD3273DCCC000CED610 /* EndPoint.swift */,
				CEB86FD4273DCCC000CED610 /* LocalClient.swift */,
				CEB86FD6273DCCC100CED610 /* NETWORK+ENDPOINTS.swift */,
				CEB86FD2273DCCC000CED610 /* NetworkClient.swift */,
				CEB86FD5273DCCC000CED610 /* RequestResult.swift */,
			);
			path = Network;
			sourceTree = "<group>";
		};
		CEB86FDD273DCD1E00CED610 /* Repository */ = {
			isa = PBXGroup;
			children = (
				CE647FCB273ED29000D6830F /* StarWarsRepository */,
				CEB86FDE273DCD2C00CED610 /* Environment.swift */,
				CEB86FE0273DCD2C00CED610 /* MagixResponse.swift */,
				CEB86FDF273DCD2C00CED610 /* Repository.swift */,
			);
			path = Repository;
			sourceTree = "<group>";
		};
		CEB86FE4273DD05C00CED610 /* Features */ = {
			isa = PBXGroup;
			children = (
				CEB86FEB273DD13100CED610 /* StarWars */,
			);
			path = Features;
			sourceTree = "<group>";
		};
		CEB86FE5273DD06E00CED610 /* Config */ = {
			isa = PBXGroup;
			children = (
				CEB86FE6273DD07900CED610 /* Development.xcconfig */,
			);
			path = Config;
			sourceTree = "<group>";
		};
		CEB86FEB273DD13100CED610 /* StarWars */ = {
			isa = PBXGroup;
			children = (
				CE647FD2273ED74500D6830F /* ViewModel */,
				CE64800E273F1F9C00D6830F /* Views */,
			);
			path = StarWars;
			sourceTree = "<group>";
		};
/* End PBXGroup section */

/* Begin PBXNativeTarget section */
		CEB86F9D273DCB1300CED610 /* AlliedTask */ = {
			isa = PBXNativeTarget;
			buildConfigurationList = CEB86FC2273DCB1600CED610 /* Build configuration list for PBXNativeTarget "AlliedTask" */;
			buildPhases = (
				85333A3DE9A1C23DA06B8E2E /* [CP] Check Pods Manifest.lock */,
				CE64801E2740272A00D6830F /* ShellScript */,
				CEB86F9A273DCB1300CED610 /* Sources */,
				CEB86F9B273DCB1300CED610 /* Frameworks */,
				CEB86F9C273DCB1300CED610 /* Resources */,
				CE64801C2740248E00D6830F /* ShellScript */,
				DEB5795A25E5EF57273C6182 /* [CP] Embed Pods Frameworks */,
			);
			buildRules = (
			);
			dependencies = (
			);
			name = AlliedTask;
			productName = AlliedTask;
			productReference = CEB86F9E273DCB1300CED610 /* AlliedTask.app */;
			productType = "com.apple.product-type.application";
		};
		CEB86FAD273DCB1600CED610 /* AlliedTaskTests */ = {
			isa = PBXNativeTarget;
			buildConfigurationList = CEB86FC5273DCB1600CED610 /* Build configuration list for PBXNativeTarget "AlliedTaskTests" */;
			buildPhases = (
				433B51EFF9019870A88C4B68 /* [CP] Check Pods Manifest.lock */,
				CEB86FAA273DCB1600CED610 /* Sources */,
				CEB86FAB273DCB1600CED610 /* Frameworks */,
				CEB86FAC273DCB1600CED610 /* Resources */,
			);
			buildRules = (
			);
			dependencies = (
				CEB86FB0273DCB1600CED610 /* PBXTargetDependency */,
			);
			name = AlliedTaskTests;
			productName = AlliedTaskTests;
			productReference = CEB86FAE273DCB1600CED610 /* AlliedTaskTests.xctest */;
			productType = "com.apple.product-type.bundle.unit-test";
		};
		CEB86FB7273DCB1600CED610 /* AlliedTaskUITests */ = {
			isa = PBXNativeTarget;
			buildConfigurationList = CEB86FC8273DCB1600CED610 /* Build configuration list for PBXNativeTarget "AlliedTaskUITests" */;
			buildPhases = (
				C8E7A41DE784DDB061F821B2 /* [CP] Check Pods Manifest.lock */,
				CEB86FB4273DCB1600CED610 /* Sources */,
				CEB86FB5273DCB1600CED610 /* Frameworks */,
				CEB86FB6273DCB1600CED610 /* Resources */,
				F4BBDEF11730CDCCE5CA0D29 /* [CP] Embed Pods Frameworks */,
			);
			buildRules = (
			);
			dependencies = (
				CEB86FBA273DCB1600CED610 /* PBXTargetDependency */,
			);
			name = AlliedTaskUITests;
			productName = AlliedTaskUITests;
			productReference = CEB86FB8273DCB1600CED610 /* AlliedTaskUITests.xctest */;
			productType = "com.apple.product-type.bundle.ui-testing";
		};
/* End PBXNativeTarget section */

/* Begin PBXProject section */
		CEB86F96273DCB1300CED610 /* Project object */ = {
			isa = PBXProject;
			attributes = {
				BuildIndependentTargetsInParallel = 1;
				LastSwiftUpdateCheck = 1310;
				LastUpgradeCheck = 1310;
				TargetAttributes = {
					CEB86F9D273DCB1300CED610 = {
						CreatedOnToolsVersion = 13.1;
					};
					CEB86FAD273DCB1600CED610 = {
						CreatedOnToolsVersion = 13.1;
						TestTargetID = CEB86F9D273DCB1300CED610;
					};
					CEB86FB7273DCB1600CED610 = {
						CreatedOnToolsVersion = 13.1;
						TestTargetID = CEB86F9D273DCB1300CED610;
					};
				};
			};
			buildConfigurationList = CEB86F99273DCB1300CED610 /* Build configuration list for PBXProject "AlliedTask" */;
			compatibilityVersion = "Xcode 13.0";
			developmentRegion = en;
			hasScannedForEncodings = 0;
			knownRegions = (
				en,
				Base,
			);
			mainGroup = CEB86F95273DCB1300CED610;
			productRefGroup = CEB86F9F273DCB1300CED610 /* Products */;
			projectDirPath = "";
			projectRoot = "";
			targets = (
				CEB86F9D273DCB1300CED610 /* AlliedTask */,
				CEB86FAD273DCB1600CED610 /* AlliedTaskTests */,
				CEB86FB7273DCB1600CED610 /* AlliedTaskUITests */,
			);
		};
/* End PBXProject section */

/* Begin PBXResourcesBuildPhase section */
		CEB86F9C273DCB1300CED610 /* Resources */ = {
			isa = PBXResourcesBuildPhase;
			buildActionMask = 2147483647;
			files = (
				CEB86FE7273DD07900CED610 /* Development.xcconfig in Resources */,
				CEB86FCC273DCC6100CED610 /* .swiftlint.yml in Resources */,
				CEB86FA9273DCB1500CED610 /* Preview Assets.xcassets in Resources */,
				CEB86FA6273DCB1500CED610 /* Assets.xcassets in Resources */,
			);
			runOnlyForDeploymentPostprocessing = 0;
		};
		CEB86FAC273DCB1600CED610 /* Resources */ = {
			isa = PBXResourcesBuildPhase;
			buildActionMask = 2147483647;
			files = (
			);
			runOnlyForDeploymentPostprocessing = 0;
		};
		CEB86FB6273DCB1600CED610 /* Resources */ = {
			isa = PBXResourcesBuildPhase;
			buildActionMask = 2147483647;
			files = (
			);
			runOnlyForDeploymentPostprocessing = 0;
		};
/* End PBXResourcesBuildPhase section */

/* Begin PBXShellScriptBuildPhase section */
		433B51EFF9019870A88C4B68 /* [CP] Check Pods Manifest.lock */ = {
			isa = PBXShellScriptBuildPhase;
			buildActionMask = 2147483647;
			files = (
			);
			inputFileListPaths = (
			);
			inputPaths = (
				"${PODS_PODFILE_DIR_PATH}/Podfile.lock",
				"${PODS_ROOT}/Manifest.lock",
			);
			name = "[CP] Check Pods Manifest.lock";
			outputFileListPaths = (
			);
			outputPaths = (
				"$(DERIVED_FILE_DIR)/Pods-AlliedTaskTests-checkManifestLockResult.txt",
			);
			runOnlyForDeploymentPostprocessing = 0;
			shellPath = /bin/sh;
			shellScript = "diff \"${PODS_PODFILE_DIR_PATH}/Podfile.lock\" \"${PODS_ROOT}/Manifest.lock\" > /dev/null\nif [ $? != 0 ] ; then\n    # print error to STDERR\n    echo \"error: The sandbox is not in sync with the Podfile.lock. Run 'pod install' or update your CocoaPods installation.\" >&2\n    exit 1\nfi\n# This output is used by Xcode 'outputs' to avoid re-running this script phase.\necho \"SUCCESS\" > \"${SCRIPT_OUTPUT_FILE_0}\"\n";
			showEnvVarsInLog = 0;
		};
		85333A3DE9A1C23DA06B8E2E /* [CP] Check Pods Manifest.lock */ = {
			isa = PBXShellScriptBuildPhase;
			buildActionMask = 2147483647;
			files = (
			);
			inputFileListPaths = (
			);
			inputPaths = (
				"${PODS_PODFILE_DIR_PATH}/Podfile.lock",
				"${PODS_ROOT}/Manifest.lock",
			);
			name = "[CP] Check Pods Manifest.lock";
			outputFileListPaths = (
			);
			outputPaths = (
				"$(DERIVED_FILE_DIR)/Pods-AlliedTask-checkManifestLockResult.txt",
			);
			runOnlyForDeploymentPostprocessing = 0;
			shellPath = /bin/sh;
			shellScript = "diff \"${PODS_PODFILE_DIR_PATH}/Podfile.lock\" \"${PODS_ROOT}/Manifest.lock\" > /dev/null\nif [ $? != 0 ] ; then\n    # print error to STDERR\n    echo \"error: The sandbox is not in sync with the Podfile.lock. Run 'pod install' or update your CocoaPods installation.\" >&2\n    exit 1\nfi\n# This output is used by Xcode 'outputs' to avoid re-running this script phase.\necho \"SUCCESS\" > \"${SCRIPT_OUTPUT_FILE_0}\"\n";
			showEnvVarsInLog = 0;
		};
		C8E7A41DE784DDB061F821B2 /* [CP] Check Pods Manifest.lock */ = {
			isa = PBXShellScriptBuildPhase;
			buildActionMask = 2147483647;
			files = (
			);
			inputFileListPaths = (
			);
			inputPaths = (
				"${PODS_PODFILE_DIR_PATH}/Podfile.lock",
				"${PODS_ROOT}/Manifest.lock",
			);
			name = "[CP] Check Pods Manifest.lock";
			outputFileListPaths = (
			);
			outputPaths = (
				"$(DERIVED_FILE_DIR)/Pods-AlliedTask-AlliedTaskUITests-checkManifestLockResult.txt",
			);
			runOnlyForDeploymentPostprocessing = 0;
			shellPath = /bin/sh;
			shellScript = "diff \"${PODS_PODFILE_DIR_PATH}/Podfile.lock\" \"${PODS_ROOT}/Manifest.lock\" > /dev/null\nif [ $? != 0 ] ; then\n    # print error to STDERR\n    echo \"error: The sandbox is not in sync with the Podfile.lock. Run 'pod install' or update your CocoaPods installation.\" >&2\n    exit 1\nfi\n# This output is used by Xcode 'outputs' to avoid re-running this script phase.\necho \"SUCCESS\" > \"${SCRIPT_OUTPUT_FILE_0}\"\n";
			showEnvVarsInLog = 0;
		};
		CE64801C2740248E00D6830F /* ShellScript */ = {
			isa = PBXShellScriptBuildPhase;
			buildActionMask = 2147483647;
			files = (
			);
			inputFileListPaths = (
			);
			inputPaths = (
			);
			outputFileListPaths = (
			);
			outputPaths = (
			);
			runOnlyForDeploymentPostprocessing = 0;
			shellPath = /bin/sh;
			shellScript = "if which swiftlint >/dev/null; then\nswiftlint --strict\nelse\necho \"warning: SwiftLint not installed, download from https://github.com/realm/SwiftLint\"\nfi\n";
		};
		CE64801E2740272A00D6830F /* ShellScript */ = {
			isa = PBXShellScriptBuildPhase;
			buildActionMask = 2147483647;
			files = (
			);
			inputFileListPaths = (
			);
			inputPaths = (
				"$TEMP_DIR/rswift-lastrun",
			);
			outputFileListPaths = (
			);
			outputPaths = (
				$SRCROOT/R.generated.swift,
			);
			runOnlyForDeploymentPostprocessing = 0;
			shellPath = /bin/sh;
			shellScript = "\"$PODS_ROOT/R.swift/rswift\" generate \"$SRCROOT/R.generated.swift\"\n";
		};
		DEB5795A25E5EF57273C6182 /* [CP] Embed Pods Frameworks */ = {
			isa = PBXShellScriptBuildPhase;
			buildActionMask = 2147483647;
			files = (
			);
			inputFileListPaths = (
				"${PODS_ROOT}/Target Support Files/Pods-AlliedTask/Pods-AlliedTask-frameworks-${CONFIGURATION}-input-files.xcfilelist",
			);
			name = "[CP] Embed Pods Frameworks";
			outputFileListPaths = (
				"${PODS_ROOT}/Target Support Files/Pods-AlliedTask/Pods-AlliedTask-frameworks-${CONFIGURATION}-output-files.xcfilelist",
			);
			runOnlyForDeploymentPostprocessing = 0;
			shellPath = /bin/sh;
			shellScript = "\"${PODS_ROOT}/Target Support Files/Pods-AlliedTask/Pods-AlliedTask-frameworks.sh\"\n";
			showEnvVarsInLog = 0;
		};
		F4BBDEF11730CDCCE5CA0D29 /* [CP] Embed Pods Frameworks */ = {
			isa = PBXShellScriptBuildPhase;
			buildActionMask = 2147483647;
			files = (
			);
			inputFileListPaths = (
				"${PODS_ROOT}/Target Support Files/Pods-AlliedTask-AlliedTaskUITests/Pods-AlliedTask-AlliedTaskUITests-frameworks-${CONFIGURATION}-input-files.xcfilelist",
			);
			name = "[CP] Embed Pods Frameworks";
			outputFileListPaths = (
				"${PODS_ROOT}/Target Support Files/Pods-AlliedTask-AlliedTaskUITests/Pods-AlliedTask-AlliedTaskUITests-frameworks-${CONFIGURATION}-output-files.xcfilelist",
			);
			runOnlyForDeploymentPostprocessing = 0;
			shellPath = /bin/sh;
			shellScript = "\"${PODS_ROOT}/Target Support Files/Pods-AlliedTask-AlliedTaskUITests/Pods-AlliedTask-AlliedTaskUITests-frameworks.sh\"\n";
			showEnvVarsInLog = 0;
		};
/* End PBXShellScriptBuildPhase section */

/* Begin PBXSourcesBuildPhase section */
		CEB86F9A273DCB1300CED610 /* Sources */ = {
			isa = PBXSourcesBuildPhase;
			buildActionMask = 2147483647;
			files = (
				CEB86FD9273DCCC100CED610 /* EndPoint.swift in Sources */,
				CEB86FA4273DCB1300CED610 /* StarWarsViewList.swift in Sources */,
				CE648017273FF14300D6830F /* ImageLoader.swift in Sources */,
				CEB86FD8273DCCC100CED610 /* NetworkClient.swift in Sources */,
				CE648019273FFFC400D6830F /* LoadingView.swift in Sources */,
				CEB86FDA273DCCC100CED610 /* LocalClient.swift in Sources */,
				CE648010273F1FAE00D6830F /* StarWarRow.swift in Sources */,
				CEB86FD7273DCCC100CED610 /* APIRouter.swift in Sources */,
				CEB86FE2273DCD2C00CED610 /* Repository.swift in Sources */,
				CE647FCD273ED2B000D6830F /* StarWarsRepository.swift in Sources */,
				CEB86FA2273DCB1300CED610 /* AlliedTaskApp.swift in Sources */,
				CE648015273F574A00D6830F /* StarWarDetails.swift in Sources */,
				CEC448A0274065A100EED1A8 /* R.generated.swift in Sources */,
				CEB86FDC273DCCC100CED610 /* NETWORK+ENDPOINTS.swift in Sources */,
				CEB86FDB273DCCC100CED610 /* RequestResult.swift in Sources */,
				CE64802027402BD600D6830F /* SearchBar.swift in Sources */,
				CE647FCF273ED2B900D6830F /* StarWarModel.swift in Sources */,
				CE64801B273FFFD300D6830F /* ActivityIndicatorView.swift in Sources */,
				CEB86FCF273DCC8800CED610 /* Casher.swift in Sources */,
				CEB86FE1273DCD2C00CED610 /* Environment.swift in Sources */,
				CE647FD1273ED59600D6830F /* StarWarsViewModel.swift in Sources */,
				CEC4489E2740544300EED1A8 /* AlliedImage.swift in Sources */,
				CEB86FE3273DCD2C00CED610 /* MagixResponse.swift in Sources */,
			);
			runOnlyForDeploymentPostprocessing = 0;
		};
		CEB86FAA273DCB1600CED610 /* Sources */ = {
			isa = PBXSourcesBuildPhase;
			buildActionMask = 2147483647;
			files = (
				CEB86FB3273DCB1600CED610 /* AlliedTaskTests.swift in Sources */,
			);
			runOnlyForDeploymentPostprocessing = 0;
		};
		CEB86FB4273DCB1600CED610 /* Sources */ = {
			isa = PBXSourcesBuildPhase;
			buildActionMask = 2147483647;
			files = (
				CEB86FBF273DCB1600CED610 /* AlliedTaskUITestsLaunchTests.swift in Sources */,
				CEB86FBD273DCB1600CED610 /* AlliedTaskUITests.swift in Sources */,
			);
			runOnlyForDeploymentPostprocessing = 0;
		};
/* End PBXSourcesBuildPhase section */

/* Begin PBXTargetDependency section */
		CEB86FB0273DCB1600CED610 /* PBXTargetDependency */ = {
			isa = PBXTargetDependency;
			target = CEB86F9D273DCB1300CED610 /* AlliedTask */;
			targetProxy = CEB86FAF273DCB1600CED610 /* PBXContainerItemProxy */;
		};
		CEB86FBA273DCB1600CED610 /* PBXTargetDependency */ = {
			isa = PBXTargetDependency;
			target = CEB86F9D273DCB1300CED610 /* AlliedTask */;
			targetProxy = CEB86FB9273DCB1600CED610 /* PBXContainerItemProxy */;
		};
/* End PBXTargetDependency section */

/* Begin XCBuildConfiguration section */
		CE64800A273EDE4100D6830F /* Development */ = {
			isa = XCBuildConfiguration;
			baseConfigurationReference = CEB86FE6273DD07900CED610 /* Development.xcconfig */;
			buildSettings = {
				ALWAYS_SEARCH_USER_PATHS = NO;
				CLANG_ANALYZER_NONNULL = YES;
				CLANG_ANALYZER_NUMBER_OBJECT_CONVERSION = YES_AGGRESSIVE;
				CLANG_CXX_LANGUAGE_STANDARD = "gnu++17";
				CLANG_CXX_LIBRARY = "libc++";
				CLANG_ENABLE_MODULES = YES;
				CLANG_ENABLE_OBJC_ARC = YES;
				CLANG_ENABLE_OBJC_WEAK = YES;
				CLANG_WARN_BLOCK_CAPTURE_AUTORELEASING = YES;
				CLANG_WARN_BOOL_CONVERSION = YES;
				CLANG_WARN_COMMA = YES;
				CLANG_WARN_CONSTANT_CONVERSION = YES;
				CLANG_WARN_DEPRECATED_OBJC_IMPLEMENTATIONS = YES;
				CLANG_WARN_DIRECT_OBJC_ISA_USAGE = YES_ERROR;
				CLANG_WARN_DOCUMENTATION_COMMENTS = YES;
				CLANG_WARN_EMPTY_BODY = YES;
				CLANG_WARN_ENUM_CONVERSION = YES;
				CLANG_WARN_INFINITE_RECURSION = YES;
				CLANG_WARN_INT_CONVERSION = YES;
				CLANG_WARN_NON_LITERAL_NULL_CONVERSION = YES;
				CLANG_WARN_OBJC_IMPLICIT_RETAIN_SELF = YES;
				CLANG_WARN_OBJC_LITERAL_CONVERSION = YES;
				CLANG_WARN_OBJC_ROOT_CLASS = YES_ERROR;
				CLANG_WARN_QUOTED_INCLUDE_IN_FRAMEWORK_HEADER = YES;
				CLANG_WARN_RANGE_LOOP_ANALYSIS = YES;
				CLANG_WARN_STRICT_PROTOTYPES = YES;
				CLANG_WARN_SUSPICIOUS_MOVE = YES;
				CLANG_WARN_UNGUARDED_AVAILABILITY = YES_AGGRESSIVE;
				CLANG_WARN_UNREACHABLE_CODE = YES;
				CLANG_WARN__DUPLICATE_METHOD_MATCH = YES;
				COPY_PHASE_STRIP = NO;
				DEBUG_INFORMATION_FORMAT = dwarf;
				ENABLE_STRICT_OBJC_MSGSEND = YES;
				ENABLE_TESTABILITY = YES;
				GCC_C_LANGUAGE_STANDARD = gnu11;
				GCC_DYNAMIC_NO_PIC = NO;
				GCC_NO_COMMON_BLOCKS = YES;
				GCC_OPTIMIZATION_LEVEL = 0;
				GCC_PREPROCESSOR_DEFINITIONS = (
					"DEBUG=1",
					"$(inherited)",
				);
				GCC_WARN_64_TO_32_BIT_CONVERSION = YES;
				GCC_WARN_ABOUT_RETURN_TYPE = YES_ERROR;
				GCC_WARN_UNDECLARED_SELECTOR = YES;
				GCC_WARN_UNINITIALIZED_AUTOS = YES_AGGRESSIVE;
				GCC_WARN_UNUSED_FUNCTION = YES;
				GCC_WARN_UNUSED_VARIABLE = YES;
				IPHONEOS_DEPLOYMENT_TARGET = 15.0;
				MTL_ENABLE_DEBUG_INFO = INCLUDE_SOURCE;
				MTL_FAST_MATH = YES;
				ONLY_ACTIVE_ARCH = YES;
				SDKROOT = iphoneos;
				SWIFT_ACTIVE_COMPILATION_CONDITIONS = DEBUG;
				SWIFT_OPTIMIZATION_LEVEL = "-Onone";
			};
			name = Development;
		};
		CE64800B273EDE4100D6830F /* Development */ = {
			isa = XCBuildConfiguration;
			baseConfigurationReference = 723562871C6EDF14B513F78D /* Pods-AlliedTask.development.xcconfig */;
			buildSettings = {
				ASSETCATALOG_COMPILER_APPICON_NAME = AppIcon;
				ASSETCATALOG_COMPILER_GLOBAL_ACCENT_COLOR_NAME = AccentColor;
				CODE_SIGN_STYLE = Automatic;
				CURRENT_PROJECT_VERSION = 1;
				DEVELOPMENT_ASSET_PATHS = "\"AlliedTask/Preview Content\"";
				DEVELOPMENT_TEAM = 2C5GA3P469;
				ENABLE_PREVIEWS = YES;
				GENERATE_INFOPLIST_FILE = YES;
				INFOPLIST_FILE = AlliedTask/Info.plist;
				INFOPLIST_KEY_UIApplicationSceneManifest_Generation = YES;
				INFOPLIST_KEY_UIApplicationSupportsIndirectInputEvents = YES;
				INFOPLIST_KEY_UILaunchScreen_Generation = YES;
				INFOPLIST_KEY_UISupportedInterfaceOrientations_iPad = "UIInterfaceOrientationPortrait UIInterfaceOrientationPortraitUpsideDown UIInterfaceOrientationLandscapeLeft UIInterfaceOrientationLandscapeRight";
				INFOPLIST_KEY_UISupportedInterfaceOrientations_iPhone = "UIInterfaceOrientationPortrait UIInterfaceOrientationLandscapeLeft UIInterfaceOrientationLandscapeRight";
				IPHONEOS_DEPLOYMENT_TARGET = 15.0;
				LD_RUNPATH_SEARCH_PATHS = (
					"$(inherited)",
					"@executable_path/Frameworks",
				);
				MARKETING_VERSION = 1.0;
				PRODUCT_BUNDLE_IDENTIFIER = "com.IPmagix.Realm-iOS.AlliedTask";
				PRODUCT_NAME = "$(TARGET_NAME)";
				SWIFT_EMIT_LOC_STRINGS = YES;
				SWIFT_VERSION = 5.0;
				TARGETED_DEVICE_FAMILY = 1;
			};
			name = Development;
		};
		CE64800C273EDE4100D6830F /* Development */ = {
			isa = XCBuildConfiguration;
			baseConfigurationReference = 847305898D234D6CB2B91BC4 /* Pods-AlliedTaskTests.development.xcconfig */;
			buildSettings = {
				ALWAYS_EMBED_SWIFT_STANDARD_LIBRARIES = YES;
				BUNDLE_LOADER = "$(TEST_HOST)";
				CODE_SIGN_STYLE = Automatic;
				CURRENT_PROJECT_VERSION = 1;
				DEVELOPMENT_TEAM = 2C5GA3P469;
				GENERATE_INFOPLIST_FILE = YES;
				IPHONEOS_DEPLOYMENT_TARGET = 15.0;
				LD_RUNPATH_SEARCH_PATHS = (
					"$(inherited)",
					"@executable_path/Frameworks",
					"@loader_path/Frameworks",
				);
				MARKETING_VERSION = 1.0;
				PRODUCT_BUNDLE_IDENTIFIER = "com.IPmagix.Realm-iOS.AlliedTaskTests";
				PRODUCT_NAME = "$(TARGET_NAME)";
				SWIFT_EMIT_LOC_STRINGS = NO;
				SWIFT_VERSION = 5.0;
				TARGETED_DEVICE_FAMILY = "1,2";
				TEST_HOST = "$(BUILT_PRODUCTS_DIR)/AlliedTask.app/AlliedTask";
			};
			name = Development;
		};
		CE64800D273EDE4100D6830F /* Development */ = {
			isa = XCBuildConfiguration;
			baseConfigurationReference = D021F31E76261788C5E854E7 /* Pods-AlliedTask-AlliedTaskUITests.development.xcconfig */;
			buildSettings = {
				ALWAYS_EMBED_SWIFT_STANDARD_LIBRARIES = YES;
				CODE_SIGN_STYLE = Automatic;
				CURRENT_PROJECT_VERSION = 1;
				DEVELOPMENT_TEAM = 2C5GA3P469;
				GENERATE_INFOPLIST_FILE = YES;
				LD_RUNPATH_SEARCH_PATHS = (
					"$(inherited)",
					"@executable_path/Frameworks",
					"@loader_path/Frameworks",
				);
				MARKETING_VERSION = 1.0;
				PRODUCT_BUNDLE_IDENTIFIER = "com.IPmagix.Realm-iOS.AlliedTaskUITests";
				PRODUCT_NAME = "$(TARGET_NAME)";
				SWIFT_EMIT_LOC_STRINGS = NO;
				SWIFT_VERSION = 5.0;
				TARGETED_DEVICE_FAMILY = "1,2";
				TEST_TARGET_NAME = AlliedTask;
			};
			name = Development;
		};
/* End XCBuildConfiguration section */

/* Begin XCConfigurationList section */
		CEB86F99273DCB1300CED610 /* Build configuration list for PBXProject "AlliedTask" */ = {
			isa = XCConfigurationList;
			buildConfigurations = (
				CE64800A273EDE4100D6830F /* Development */,
			);
			defaultConfigurationIsVisible = 0;
			defaultConfigurationName = Development;
		};
		CEB86FC2273DCB1600CED610 /* Build configuration list for PBXNativeTarget "AlliedTask" */ = {
			isa = XCConfigurationList;
			buildConfigurations = (
				CE64800B273EDE4100D6830F /* Development */,
			);
			defaultConfigurationIsVisible = 0;
			defaultConfigurationName = Development;
		};
		CEB86FC5273DCB1600CED610 /* Build configuration list for PBXNativeTarget "AlliedTaskTests" */ = {
			isa = XCConfigurationList;
			buildConfigurations = (
				CE64800C273EDE4100D6830F /* Development */,
			);
			defaultConfigurationIsVisible = 0;
			defaultConfigurationName = Development;
		};
		CEB86FC8273DCB1600CED610 /* Build configuration list for PBXNativeTarget "AlliedTaskUITests" */ = {
			isa = XCConfigurationList;
			buildConfigurations = (
				CE64800D273EDE4100D6830F /* Development */,
			);
			defaultConfigurationIsVisible = 0;
			defaultConfigurationName = Development;
		};
/* End XCConfigurationList section */
	};
	rootObject = CEB86F96273DCB1300CED610 /* Project object */;
}
